// !$*UTF8*$!
{
	archiveVersion = 1;
	classes = {
	};
	objectVersion = 46;
	objects = {

/* Begin PBXBuildFile section */
		CA82BB7619CE6583006E3C0F /* main.m in Sources */ = {isa = PBXBuildFile; fileRef = CA82BB7519CE6583006E3C0F /* main.m */; };
		CA82BB7919CE6583006E3C0F /* AppDelegate.m in Sources */ = {isa = PBXBuildFile; fileRef = CA82BB7819CE6583006E3C0F /* AppDelegate.m */; };
		CA82BB7C19CE6583006E3C0F /* FirstViewController.m in Sources */ = {isa = PBXBuildFile; fileRef = CA82BB7B19CE6583006E3C0F /* FirstViewController.m */; };
		CA82BB7F19CE6583006E3C0F /* SecondViewController.m in Sources */ = {isa = PBXBuildFile; fileRef = CA82BB7E19CE6583006E3C0F /* SecondViewController.m */; };
		CA82BB8219CE6583006E3C0F /* Main.storyboard in Resources */ = {isa = PBXBuildFile; fileRef = CA82BB8019CE6583006E3C0F /* Main.storyboard */; };
		CA82BB8419CE6583006E3C0F /* Images.xcassets in Resources */ = {isa = PBXBuildFile; fileRef = CA82BB8319CE6583006E3C0F /* Images.xcassets */; };
		CA82BB8719CE6583006E3C0F /* LaunchScreen.xib in Resources */ = {isa = PBXBuildFile; fileRef = CA82BB8519CE6583006E3C0F /* LaunchScreen.xib */; };
		CA82BB9319CE6583006E3C0F /* MatchedUPTests.m in Sources */ = {isa = PBXBuildFile; fileRef = CA82BB9219CE6583006E3C0F /* MatchedUPTests.m */; };
/* End PBXBuildFile section */

/* Begin PBXContainerItemProxy section */
		CA82BB8D19CE6583006E3C0F /* PBXContainerItemProxy */ = {
			isa = PBXContainerItemProxy;
			containerPortal = CA82BB6819CE6583006E3C0F /* Project object */;
			proxyType = 1;
			remoteGlobalIDString = CA82BB6F19CE6583006E3C0F;
			remoteInfo = MatchedUP;
		};
/* End PBXContainerItemProxy section */

/* Begin PBXFileReference section */
		CA82BB7019CE6583006E3C0F /* MatchedUP.app */ = {isa = PBXFileReference; explicitFileType = wrapper.application; includeInIndex = 0; path = MatchedUP.app; sourceTree = BUILT_PRODUCTS_DIR; };
		CA82BB7419CE6583006E3C0F /* Info.plist */ = {isa = PBXFileReference; lastKnownFileType = text.plist.xml; path = Info.plist; sourceTree = "<group>"; };
		CA82BB7519CE6583006E3C0F /* main.m */ = {isa = PBXFileReference; lastKnownFileType = sourcecode.c.objc; path = main.m; sourceTree = "<group>"; };
		CA82BB7719CE6583006E3C0F /* AppDelegate.h */ = {isa = PBXFileReference; lastKnownFileType = sourcecode.c.h; path = AppDelegate.h; sourceTree = "<group>"; };
		CA82BB7819CE6583006E3C0F /* AppDelegate.m */ = {isa = PBXFileReference; lastKnownFileType = sourcecode.c.objc; path = AppDelegate.m; sourceTree = "<group>"; };
		CA82BB7A19CE6583006E3C0F /* FirstViewController.h */ = {isa = PBXFileReference; lastKnownFileType = sourcecode.c.h; path = FirstViewController.h; sourceTree = "<group>"; };
		CA82BB7B19CE6583006E3C0F /* FirstViewController.m */ = {isa = PBXFileReference; lastKnownFileType = sourcecode.c.objc; path = FirstViewController.m; sourceTree = "<group>"; };
		CA82BB7D19CE6583006E3C0F /* SecondViewController.h */ = {isa = PBXFileReference; lastKnownFileType = sourcecode.c.h; path = SecondViewController.h; sourceTree = "<group>"; };
		CA82BB7E19CE6583006E3C0F /* SecondViewController.m */ = {isa = PBXFileReference; lastKnownFileType = sourcecode.c.objc; path = SecondViewController.m; sourceTree = "<group>"; };
		CA82BB8119CE6583006E3C0F /* Base */ = {isa = PBXFileReference; lastKnownFileType = file.storyboard; name = Base; path = Base.lproj/Main.storyboard; sourceTree = "<group>"; };
		CA82BB8319CE6583006E3C0F /* Images.xcassets */ = {isa = PBXFileReference; lastKnownFileType = folder.assetcatalog; path = Images.xcassets; sourceTree = "<group>"; };
		CA82BB8619CE6583006E3C0F /* Base */ = {isa = PBXFileReference; lastKnownFileType = file.xib; name = Base; path = Base.lproj/LaunchScreen.xib; sourceTree = "<group>"; };
		CA82BB8C19CE6583006E3C0F /* MatchedUPTests.xctest */ = {isa = PBXFileReference; explicitFileType = wrapper.cfbundle; includeInIndex = 0; path = MatchedUPTests.xctest; sourceTree = BUILT_PRODUCTS_DIR; };
		CA82BB9119CE6583006E3C0F /* Info.plist */ = {isa = PBXFileReference; lastKnownFileType = text.plist.xml; path = Info.plist; sourceTree = "<group>"; };
		CA82BB9219CE6583006E3C0F /* MatchedUPTests.m */ = {isa = PBXFileReference; lastKnownFileType = sourcecode.c.objc; path = MatchedUPTests.m; sourceTree = "<group>"; };
/* End PBXFileReference section */

/* Begin PBXFrameworksBuildPhase section */
		CA82BB6D19CE6583006E3C0F /* Frameworks */ = {
			isa = PBXFrameworksBuildPhase;
			buildActionMask = 2147483647;
			files = (
			);
			runOnlyForDeploymentPostprocessing = 0;
		};
		CA82BB8919CE6583006E3C0F /* Frameworks */ = {
			isa = PBXFrameworksBuildPhase;
			buildActionMask = 2147483647;
			files = (
			);
			runOnlyForDeploymentPostprocessing = 0;
		};
/* End PBXFrameworksBuildPhase section */

/* Begin PBXGroup section */
		CA82BB6719CE6583006E3C0F = {
			isa = PBXGroup;
			children = (
				CA82BB7219CE6583006E3C0F /* MatchedUP */,
				CA82BB8F19CE6583006E3C0F /* MatchedUPTests */,
				CA82BB7119CE6583006E3C0F /* Products */,
			);
			sourceTree = "<group>";
		};
		CA82BB7119CE6583006E3C0F /* Products */ = {
			isa = PBXGroup;
			children = (
				CA82BB7019CE6583006E3C0F /* MatchedUP.app */,
				CA82BB8C19CE6583006E3C0F /* MatchedUPTests.xctest */,
			);
			name = Products;
			sourceTree = "<group>";
		};
		CA82BB7219CE6583006E3C0F /* MatchedUP */ = {
			isa = PBXGroup;
			children = (
				CA82BB7719CE6583006E3C0F /* AppDelegate.h */,
				CA82BB7819CE6583006E3C0F /* AppDelegate.m */,
				CA82BB7A19CE6583006E3C0F /* FirstViewController.h */,
				CA82BB7B19CE6583006E3C0F /* FirstViewController.m */,
				CA82BB7D19CE6583006E3C0F /* SecondViewController.h */,
				CA82BB7E19CE6583006E3C0F /* SecondViewController.m */,
				CA82BB8019CE6583006E3C0F /* Main.storyboard */,
				CA82BB8319CE6583006E3C0F /* Images.xcassets */,
				CA82BB8519CE6583006E3C0F /* LaunchScreen.xib */,
				CA82BB7319CE6583006E3C0F /* Supporting Files */,
			);
			path = MatchedUP;
			sourceTree = "<group>";
		};
		CA82BB7319CE6583006E3C0F /* Supporting Files */ = {
			isa = PBXGroup;
			children = (
				CA82BB7419CE6583006E3C0F /* Info.plist */,
				CA82BB7519CE6583006E3C0F /* main.m */,
			);
			name = "Supporting Files";
			sourceTree = "<group>";
		};
		CA82BB8F19CE6583006E3C0F /* MatchedUPTests */ = {
			isa = PBXGroup;
			children = (
				CA82BB9219CE6583006E3C0F /* MatchedUPTests.m */,
				CA82BB9019CE6583006E3C0F /* Supporting Files */,
			);
			path = MatchedUPTests;
			sourceTree = "<group>";
		};
		CA82BB9019CE6583006E3C0F /* Supporting Files */ = {
			isa = PBXGroup;
			children = (
				CA82BB9119CE6583006E3C0F /* Info.plist */,
			);
			name = "Supporting Files";
			sourceTree = "<group>";
		};
/* End PBXGroup section */

/* Begin PBXNativeTarget section */
		CA82BB6F19CE6583006E3C0F /* MatchedUP */ = {
			isa = PBXNativeTarget;
			buildConfigurationList = CA82BB9619CE6583006E3C0F /* Build configuration list for PBXNativeTarget "MatchedUP" */;
			buildPhases = (
				CA82BB6C19CE6583006E3C0F /* Sources */,
				CA82BB6D19CE6583006E3C0F /* Frameworks */,
				CA82BB6E19CE6583006E3C0F /* Resources */,
			);
			buildRules = (
			);
			dependencies = (
			);
			name = MatchedUP;
			productName = MatchedUP;
			productReference = CA82BB7019CE6583006E3C0F /* MatchedUP.app */;
			productType = "com.apple.product-type.application";
		};
		CA82BB8B19CE6583006E3C0F /* MatchedUPTests */ = {
			isa = PBXNativeTarget;
			buildConfigurationList = CA82BB9919CE6583006E3C0F /* Build configuration list for PBXNativeTarget "MatchedUPTests" */;
			buildPhases = (
				CA82BB8819CE6583006E3C0F /* Sources */,
				CA82BB8919CE6583006E3C0F /* Frameworks */,
				CA82BB8A19CE6583006E3C0F /* Resources */,
			);
			buildRules = (
			);
			dependencies = (
				CA82BB8E19CE6583006E3C0F /* PBXTargetDependency */,
			);
			name = MatchedUPTests;
			productName = MatchedUPTests;
			productReference = CA82BB8C19CE6583006E3C0F /* MatchedUPTests.xctest */;
			productType = "com.apple.product-type.bundle.unit-test";
		};
/* End PBXNativeTarget section */

/* Begin PBXProject section */
		CA82BB6819CE6583006E3C0F /* Project object */ = {
			isa = PBXProject;
			attributes = {
				LastUpgradeCheck = 0600;
				ORGANIZATIONNAME = "Thanh Q Trinh";
				TargetAttributes = {
					CA82BB6F19CE6583006E3C0F = {
						CreatedOnToolsVersion = 6.0.1;
					};
					CA82BB8B19CE6583006E3C0F = {
						CreatedOnToolsVersion = 6.0.1;
						TestTargetID = CA82BB6F19CE6583006E3C0F;
					};
				};
			};
			buildConfigurationList = CA82BB6B19CE6583006E3C0F /* Build configuration list for PBXProject "MatchedUP" */;
			compatibilityVersion = "Xcode 3.2";
			developmentRegion = English;
			hasScannedForEncodings = 0;
			knownRegions = (
				en,
				Base,
			);
			mainGroup = CA82BB6719CE6583006E3C0F;
			productRefGroup = CA82BB7119CE6583006E3C0F /* Products */;
			projectDirPath = "";
			projectRoot = "";
			targets = (
				CA82BB6F19CE6583006E3C0F /* MatchedUP */,
				CA82BB8B19CE6583006E3C0F /* MatchedUPTests */,
			);
		};
/* End PBXProject section */

/* Begin PBXResourcesBuildPhase section */
		CA82BB6E19CE6583006E3C0F /* Resources */ = {
			isa = PBXResourcesBuildPhase;
			buildActionMask = 2147483647;
			files = (
				CA82BB8219CE6583006E3C0F /* Main.storyboard in Resources */,
				CA82BB8719CE6583006E3C0F /* LaunchScreen.xib in Resources */,
				CA82BB8419CE6583006E3C0F /* Images.xcassets in Resources */,
			);
			runOnlyForDeploymentPostprocessing = 0;
		};
		CA82BB8A19CE6583006E3C0F /* Resources */ = {
			isa = PBXResourcesBuildPhase;
			buildActionMask = 2147483647;
			files = (
			);
			runOnlyForDeploymentPostprocessing = 0;
		};
/* End PBXResourcesBuildPhase section */

/* Begin PBXSourcesBuildPhase section */
		CA82BB6C19CE6583006E3C0F /* Sources */ = {
			isa = PBXSourcesBuildPhase;
			buildActionMask = 2147483647;
			files = (
				CA82BB7F19CE6583006E3C0F /* SecondViewController.m in Sources */,
				CA82BB7919CE6583006E3C0F /* AppDelegate.m in Sources */,
				CA82BB7C19CE6583006E3C0F /* FirstViewController.m in Sources */,
				CA82BB7619CE6583006E3C0F /* main.m in Sources */,
			);
			runOnlyForDeploymentPostprocessing = 0;
		};
		CA82BB8819CE6583006E3C0F /* Sources */ = {
			isa = PBXSourcesBuildPhase;
			buildActionMask = 2147483647;
			files = (
				CA82BB9319CE6583006E3C0F /* MatchedUPTests.m in Sources */,
			);
			runOnlyForDeploymentPostprocessing = 0;
		};
/* End PBXSourcesBuildPhase section */

/* Begin PBXTargetDependency section */
		CA82BB8E19CE6583006E3C0F /* PBXTargetDependency */ = {
			isa = PBXTargetDependency;
			target = CA82BB6F19CE6583006E3C0F /* MatchedUP */;
			targetProxy = CA82BB8D19CE6583006E3C0F /* PBXContainerItemProxy */;
		};
/* End PBXTargetDependency section */

/* Begin PBXVariantGroup section */
		CA82BB8019CE6583006E3C0F /* Main.storyboard */ = {
			isa = PBXVariantGroup;
			children = (
				CA82BB8119CE6583006E3C0F /* Base */,
			);
			name = Main.storyboard;
			sourceTree = "<group>";
		};
		CA82BB8519CE6583006E3C0F /* LaunchScreen.xib */ = {
			isa = PBXVariantGroup;
			children = (
				CA82BB8619CE6583006E3C0F /* Base */,
			);
			name = LaunchScreen.xib;
			sourceTree = "<group>";
		};
/* End PBXVariantGroup section */

/* Begin XCBuildConfiguration section */
		CA82BB9419CE6583006E3C0F /* Debug */ = {
			isa = XCBuildConfiguration;
			buildSettings = {
				ALWAYS_SEARCH_USER_PATHS = NO;
				CLANG_CXX_LANGUAGE_STANDARD = "gnu++0x";
				CLANG_CXX_LIBRARY = "libc++";
				CLANG_ENABLE_MODULES = YES;
				CLANG_ENABLE_OBJC_ARC = YES;
				CLANG_WARN_BOOL_CONVERSION = YES;
				CLANG_WARN_CONSTANT_CONVERSION = YES;
				CLANG_WARN_DIRECT_OBJC_ISA_USAGE = YES_ERROR;
				CLANG_WARN_EMPTY_BODY = YES;
				CLANG_WARN_ENUM_CONVERSION = YES;
				CLANG_WARN_INT_CONVERSION = YES;
				CLANG_WARN_OBJC_ROOT_CLASS = YES_ERROR;
				CLANG_WARN_UNREACHABLE_CODE = YES;
				CLANG_WARN__DUPLICATE_METHOD_MATCH = YES;
				"CODE_SIGN_IDENTITY[sdk=iphoneos*]" = "iPhone Developer";
				COPY_PHASE_STRIP = NO;
				ENABLE_STRICT_OBJC_MSGSEND = YES;
				GCC_C_LANGUAGE_STANDARD = gnu99;
				GCC_DYNAMIC_NO_PIC = NO;
				GCC_OPTIMIZATION_LEVEL = 0;
				GCC_PREPROCESSOR_DEFINITIONS = (
					"DEBUG=1",
					"$(inherited)",
				);
				GCC_SYMBOLS_PRIVATE_EXTERN = NO;
				GCC_WARN_64_TO_32_BIT_CONVERSION = YES;
				GCC_WARN_ABOUT_RETURN_TYPE = YES_ERROR;
				GCC_WARN_UNDECLARED_SELECTOR = YES;
				GCC_WARN_UNINITIALIZED_AUTOS = YES_AGGRESSIVE;
				GCC_WARN_UNUSED_FUNCTION = YES;
				GCC_WARN_UNUSED_VARIABLE = YES;
				IPHONEOS_DEPLOYMENT_TARGET = 8.0;
				MTL_ENABLE_DEBUG_INFO = YES;
				ONLY_ACTIVE_ARCH = YES;
				SDKROOT = iphoneos;
			};
			name = Debug;
		};
		CA82BB9519CE6583006E3C0F /* Release */ = {
			isa = XCBuildConfiguration;
			buildSettings = {
				ALWAYS_SEARCH_USER_PATHS = NO;
				CLANG_CXX_LANGUAGE_STANDARD = "gnu++0x";
				CLANG_CXX_LIBRARY = "libc++";
				CLANG_ENABLE_MODULES = YES;
				CLANG_ENABLE_OBJC_ARC = YES;
				CLANG_WARN_BOOL_CONVERSION = YES;
				CLANG_WARN_CONSTANT_CONVERSION = YES;
				CLANG_WARN_DIRECT_OBJC_ISA_USAGE = YES_ERROR;
				CLANG_WARN_EMPTY_BODY = YES;
				CLANG_WARN_ENUM_CONVERSION = YES;
				CLANG_WARN_INT_CONVERSION = YES;
				CLANG_WARN_OBJC_ROOT_CLASS = YES_ERROR;
				CLANG_WARN_UNREACHABLE_CODE = YES;
				CLANG_WARN__DUPLICATE_METHOD_MATCH = YES;
				"CODE_SIGN_IDENTITY[sdk=iphoneos*]" = "iPhone Developer";
				COPY_PHASE_STRIP = YES;
				ENABLE_NS_ASSERTIONS = NO;
				ENABLE_STRICT_OBJC_MSGSEND = YES;
				GCC_C_LANGUAGE_STANDARD = gnu99;
				GCC_WARN_64_TO_32_BIT_CONVERSION = YES;
				GCC_WARN_ABOUT_RETURN_TYPE = YES_ERROR;
				GCC_WARN_UNDECLARED_SELECTOR = YES;
				GCC_WARN_UNINITIALIZED_AUTOS = YES_AGGRESSIVE;
				GCC_WARN_UNUSED_FUNCTION = YES;
				GCC_WARN_UNUSED_VARIABLE = YES;
				IPHONEOS_DEPLOYMENT_TARGET = 8.0;
				MTL_ENABLE_DEBUG_INFO = NO;
				SDKROOT = iphoneos;
				VALIDATE_PRODUCT = YES;
			};
			name = Release;
		};
		CA82BB9719CE6583006E3C0F /* Debug */ = {
			isa = XCBuildConfiguration;
			buildSettings = {
				ASSETCATALOG_COMPILER_APPICON_NAME = AppIcon;
				INFOPLIST_FILE = MatchedUP/Info.plist;
				LD_RUNPATH_SEARCH_PATHS = "$(inherited) @executable_path/Frameworks";
				PRODUCT_NAME = "$(TARGET_NAME)";
			};
			name = Debug;
		};
		CA82BB9819CE6583006E3C0F /* Release */ = {
			isa = XCBuildConfiguration;
			buildSettings = {
				ASSETCATALOG_COMPILER_APPICON_NAME = AppIcon;
				INFOPLIST_FILE = MatchedUP/Info.plist;
				LD_RUNPATH_SEARCH_PATHS = "$(inherited) @executable_path/Frameworks";
				PRODUCT_NAME = "$(TARGET_NAME)";
			};
			name = Release;
		};
		CA82BB9A19CE6583006E3C0F /* Debug */ = {
			isa = XCBuildConfiguration;
			buildSettings = {
				BUNDLE_LOADER = "$(TEST_HOST)";
				FRAMEWORK_SEARCH_PATHS = (
					"$(SDKROOT)/Developer/Library/Frameworks",
					"$(inherited)",
				);
				GCC_PREPROCESSOR_DEFINITIONS = (
					"DEBUG=1",
					"$(inherited)",
				);
				INFOPLIST_FILE = MatchedUPTests/Info.plist;
				LD_RUNPATH_SEARCH_PATHS = "$(inherited) @executable_path/Frameworks @loader_path/Frameworks";
				PRODUCT_NAME = "$(TARGET_NAME)";
				TEST_HOST = "$(BUILT_PRODUCTS_DIR)/MatchedUP.app/MatchedUP";
			};
			name = Debug;
		};
		CA82BB9B19CE6583006E3C0F /* Release */ = {
			isa = XCBuildConfiguration;
			buildSettings = {
				BUNDLE_LOADER = "$(TEST_HOST)";
				FRAMEWORK_SEARCH_PATHS = (
					"$(SDKROOT)/Developer/Library/Frameworks",
					"$(inherited)",
				);
				INFOPLIST_FILE = MatchedUPTests/Info.plist;
				LD_RUNPATH_SEARCH_PATHS = "$(inherited) @executable_path/Frameworks @loader_path/Frameworks";
				PRODUCT_NAME = "$(TARGET_NAME)";
				TEST_HOST = "$(BUILT_PRODUCTS_DIR)/MatchedUP.app/MatchedUP";
			};
			name = Release;
		};
/* End XCBuildConfiguration section */

/* Begin XCConfigurationList section */
		CA82BB6B19CE6583006E3C0F /* Build configuration list for PBXProject "MatchedUP" */ = {
			isa = XCConfigurationList;
			buildConfigurations = (
				CA82BB9419CE6583006E3C0F /* Debug */,
				CA82BB9519CE6583006E3C0F /* Release */,
			);
			defaultConfigurationIsVisible = 0;
			defaultConfigurationName = Release;
		};
		CA82BB9619CE6583006E3C0F /* Build configuration list for PBXNativeTarget "MatchedUP" */ = {
			isa = XCConfigurationList;
			buildConfigurations = (
				CA82BB9719CE6583006E3C0F /* Debug */,
				CA82BB9819CE6583006E3C0F /* Release */,
			);
			defaultConfigurationIsVisible = 0;
		};
		CA82BB9919CE6583006E3C0F /* Build configuration list for PBXNativeTarget "MatchedUPTests" */ = {
			isa = XCConfigurationList;
			buildConfigurations = (
				CA82BB9A19CE6583006E3C0F /* Debug */,
				CA82BB9B19CE6583006E3C0F /* Release */,
			);
			defaultConfigurationIsVisible = 0;
		};
/* End XCConfigurationList section */
	};
	rootObject = CA82BB6819CE6583006E3C0F /* Project object */;
}
